{
  "requires": true,
  "lockfileVersion": 1,
  "dependencies": {
    "font-awesome.min.css": {
      "version": "3.2.1",
      "resolved": "https://registry.npmjs.org/font-awesome.min.css/-/font-awesome.min.css-3.2.1.tgz",
      "integrity": "sha512-SqyFOunU2e4bxFTysECKEfDkX2KJlsSySKIEtBCa1I9vQZ3fuJRk7rE/LObKvDmr7LeLqnjDm4igYnv/48BvWg=="
    }
  }
}
